// !$*UTF8*$!
{
	archiveVersion = 1;
	classes = {
	};
	objectVersion = 50;
	objects = {

/* Begin PBXBuildFile section */
		BB924CB822C642FC006E6C44 /* AppDelegate.swift in Sources */ = {isa = PBXBuildFile; fileRef = BB924CB722C642FC006E6C44 /* AppDelegate.swift */; };
		BB924CBA22C642FC006E6C44 /* SceneDelegate.swift in Sources */ = {isa = PBXBuildFile; fileRef = BB924CB922C642FC006E6C44 /* SceneDelegate.swift */; };
		BB924CBC22C642FC006E6C44 /* ContentView.swift in Sources */ = {isa = PBXBuildFile; fileRef = BB924CBB22C642FC006E6C44 /* ContentView.swift */; };
		BB924CBE22C642FE006E6C44 /* Assets.xcassets in Resources */ = {isa = PBXBuildFile; fileRef = BB924CBD22C642FE006E6C44 /* Assets.xcassets */; };
		BB924CC122C642FE006E6C44 /* Preview Assets.xcassets in Resources */ = {isa = PBXBuildFile; fileRef = BB924CC022C642FE006E6C44 /* Preview Assets.xcassets */; };
		BB924CC422C642FE006E6C44 /* LaunchScreen.storyboard in Resources */ = {isa = PBXBuildFile; fileRef = BB924CC222C642FE006E6C44 /* LaunchScreen.storyboard */; };
/* End PBXBuildFile section */

/* Begin PBXFileReference section */
		BB924CB422C642FC006E6C44 /* ViewTypesSwiftUI.app */ = {isa = PBXFileReference; explicitFileType = wrapper.application; includeInIndex = 0; path = ViewTypesSwiftUI.app; sourceTree = BUILT_PRODUCTS_DIR; };
		BB924CB722C642FC006E6C44 /* AppDelegate.swift */ = {isa = PBXFileReference; lastKnownFileType = sourcecode.swift; path = AppDelegate.swift; sourceTree = "<group>"; };
		BB924CB922C642FC006E6C44 /* SceneDelegate.swift */ = {isa = PBXFileReference; lastKnownFileType = sourcecode.swift; path = SceneDelegate.swift; sourceTree = "<group>"; };
		BB924CBB22C642FC006E6C44 /* ContentView.swift */ = {isa = PBXFileReference; lastKnownFileType = sourcecode.swift; path = ContentView.swift; sourceTree = "<group>"; };
		BB924CBD22C642FE006E6C44 /* Assets.xcassets */ = {isa = PBXFileReference; lastKnownFileType = folder.assetcatalog; path = Assets.xcassets; sourceTree = "<group>"; };
		BB924CC022C642FE006E6C44 /* Preview Assets.xcassets */ = {isa = PBXFileReference; lastKnownFileType = folder.assetcatalog; path = "Preview Assets.xcassets"; sourceTree = "<group>"; };
		BB924CC322C642FE006E6C44 /* Base */ = {isa = PBXFileReference; lastKnownFileType = file.storyboard; name = Base; path = Base.lproj/LaunchScreen.storyboard; sourceTree = "<group>"; };
		BB924CC522C642FE006E6C44 /* Info.plist */ = {isa = PBXFileReference; lastKnownFileType = text.plist.xml; path = Info.plist; sourceTree = "<group>"; };
/* End PBXFileReference section */

/* Begin PBXFrameworksBuildPhase section */
		BB924CB122C642FC006E6C44 /* Frameworks */ = {
			isa = PBXFrameworksBuildPhase;
			buildActionMask = 2147483647;
			files = (
			);
			runOnlyForDeploymentPostprocessing = 0;
		};
/* End PBXFrameworksBuildPhase section */

/* Begin PBXGroup section */
		BB924CAB22C642FC006E6C44 = {
			isa = PBXGroup;
			children = (
				BB924CB622C642FC006E6C44 /* ViewTypesSwiftUI */,
				BB924CB522C642FC006E6C44 /* Products */,
			);
			sourceTree = "<group>";
		};
		BB924CB522C642FC006E6C44 /* Products */ = {
			isa = PBXGroup;
			children = (
				BB924CB422C642FC006E6C44 /* ViewTypesSwiftUI.app */,
			);
			name = Products;
			sourceTree = "<group>";
		};
		BB924CB622C642FC006E6C44 /* ViewTypesSwiftUI */ = {
			isa = PBXGroup;
			children = (
				BB924CB722C642FC006E6C44 /* AppDelegate.swift */,
				BB924CB922C642FC006E6C44 /* SceneDelegate.swift */,
				BB924CBB22C642FC006E6C44 /* ContentView.swift */,
				BB924CBD22C642FE006E6C44 /* Assets.xcassets */,
				BB924CC222C642FE006E6C44 /* LaunchScreen.storyboard */,
				BB924CC522C642FE006E6C44 /* Info.plist */,
				BB924CBF22C642FE006E6C44 /* Preview Content */,
			);
			path = ViewTypesSwiftUI;
			sourceTree = "<group>";
		};
		BB924CBF22C642FE006E6C44 /* Preview Content */ = {
			isa = PBXGroup;
			children = (
				BB924CC022C642FE006E6C44 /* Preview Assets.xcassets */,
			);
			path = "Preview Content";
			sourceTree = "<group>";
		};
/* End PBXGroup section */

/* Begin PBXNativeTarget section */
		BB924CB322C642FC006E6C44 /* ViewTypesSwiftUI */ = {
			isa = PBXNativeTarget;
			buildConfigurationList = BB924CC822C642FE006E6C44 /* Build configuration list for PBXNativeTarget "ViewTypesSwiftUI" */;
			buildPhases = (
				BB924CB022C642FC006E6C44 /* Sources */,
				BB924CB122C642FC006E6C44 /* Frameworks */,
				BB924CB222C642FC006E6C44 /* Resources */,
			);
			buildRules = (
			);
			dependencies = (
			);
			name = ViewTypesSwiftUI;
			productName = ViewTypesSwiftUI;
			productReference = BB924CB422C642FC006E6C44 /* ViewTypesSwiftUI.app */;
			productType = "com.apple.product-type.application";
		};
/* End PBXNativeTarget section */

/* Begin PBXProject section */
		BB924CAC22C642FC006E6C44 /* Project object */ = {
			isa = PBXProject;
			attributes = {
				LastSwiftUpdateCheck = 1100;
				LastUpgradeCheck = 1100;
				ORGANIZATIONNAME = "Antonakakis Nikolaos";
				TargetAttributes = {
					BB924CB322C642FC006E6C44 = {
						CreatedOnToolsVersion = 11.0;
					};
				};
			};
			buildConfigurationList = BB924CAF22C642FC006E6C44 /* Build configuration list for PBXProject "ViewTypesSwiftUI" */;
			compatibilityVersion = "Xcode 9.3";
			developmentRegion = en;
			hasScannedForEncodings = 0;
			knownRegions = (
				en,
				Base,
			);
			mainGroup = BB924CAB22C642FC006E6C44;
			productRefGroup = BB924CB522C642FC006E6C44 /* Products */;
			projectDirPath = "";
			projectRoot = "";
			targets = (
				BB924CB322C642FC006E6C44 /* ViewTypesSwiftUI */,
			);
		};
/* End PBXProject section */

/* Begin PBXResourcesBuildPhase section */
		BB924CB222C642FC006E6C44 /* Resources */ = {
			isa = PBXResourcesBuildPhase;
			buildActionMask = 2147483647;
			files = (
				BB924CC422C642FE006E6C44 /* LaunchScreen.storyboard in Resources */,
				BB924CC122C642FE006E6C44 /* Preview Assets.xcassets in Resources */,
				BB924CBE22C642FE006E6C44 /* Assets.xcassets in Resources */,
			);
			runOnlyForDeploymentPostprocessing = 0;
		};
/* End PBXResourcesBuildPhase section */

/* Begin PBXSourcesBuildPhase section */
		BB924CB022C642FC006E6C44 /* Sources */ = {
			isa = PBXSourcesBuildPhase;
			buildActionMask = 2147483647;
			files = (
				BB924CB822C642FC006E6C44 /* AppDelegate.swift in Sources */,
				BB924CBA22C642FC006E6C44 /* SceneDelegate.swift in Sources */,
				BB924CBC22C642FC006E6C44 /* ContentView.swift in Sources */,
			);
			runOnlyForDeploymentPostprocessing = 0;
		};
/* End PBXSourcesBuildPhase section */

/* Begin PBXVariantGroup section */
		BB924CC222C642FE006E6C44 /* LaunchScreen.storyboard */ = {
			isa = PBXVariantGroup;
			children = (
				BB924CC322C642FE006E6C44 /* Base */,
			);
			name = LaunchScreen.storyboard;
			sourceTree = "<group>";
		};
/* End PBXVariantGroup section */

/* Begin XCBuildConfiguration section */
		BB924CC622C642FE006E6C44 /* Debug */ = {
			isa = XCBuildConfiguration;
			buildSettings = {
				ALWAYS_SEARCH_USER_PATHS = NO;
				CLANG_ANALYZER_NONNULL = YES;
				CLANG_ANALYZER_NUMBER_OBJECT_CONVERSION = YES_AGGRESSIVE;
				CLANG_CXX_LANGUAGE_STANDARD = "gnu++14";
				CLANG_CXX_LIBRARY = "libc++";
				CLANG_ENABLE_MODULES = YES;
				CLANG_ENABLE_OBJC_ARC = YES;
				CLANG_ENABLE_OBJC_WEAK = YES;
				CLANG_WARN_BLOCK_CAPTURE_AUTORELEASING = YES;
				CLANG_WARN_BOOL_CONVERSION = YES;
				CLANG_WARN_COMMA = YES;
				CLANG_WARN_CONSTANT_CONVERSION = YES;
				CLANG_WARN_DEPRECATED_OBJC_IMPLEMENTATIONS = YES;
				CLANG_WARN_DIRECT_OBJC_ISA_USAGE = YES_ERROR;
				CLANG_WARN_DOCUMENTATION_COMMENTS = YES;
				CLANG_WARN_EMPTY_BODY = YES;
				CLANG_WARN_ENUM_CONVERSION = YES;
				CLANG_WARN_INFINITE_RECURSION = YES;
				CLANG_WARN_INT_CONVERSION = YES;
				CLANG_WARN_NON_LITERAL_NULL_CONVERSION = YES;
				CLANG_WARN_OBJC_IMPLICIT_RETAIN_SELF = YES;
				CLANG_WARN_OBJC_LITERAL_CONVERSION = YES;
				CLANG_WARN_OBJC_ROOT_CLASS = YES_ERROR;
				CLANG_WARN_RANGE_LOOP_ANALYSIS = YES;
				CLANG_WARN_STRICT_PROTOTYPES = YES;
				CLANG_WARN_SUSPICIOUS_MOVE = YES;
				CLANG_WARN_UNGUARDED_AVAILABILITY = YES_AGGRESSIVE;
				CLANG_WARN_UNREACHABLE_CODE = YES;
				CLANG_WARN__DUPLICATE_METHOD_MATCH = YES;
				COPY_PHASE_STRIP = NO;
				DEBUG_INFORMATION_FORMAT = dwarf;
				ENABLE_STRICT_OBJC_MSGSEND = YES;
				ENABLE_TESTABILITY = YES;
				GCC_C_LANGUAGE_STANDARD = gnu11;
				GCC_DYNAMIC_NO_PIC = NO;
				GCC_NO_COMMON_BLOCKS = YES;
				GCC_OPTIMIZATION_LEVEL = 0;
				GCC_PREPROCESSOR_DEFINITIONS = (
					"DEBUG=1",
					"$(inherited)",
				);
				GCC_WARN_64_TO_32_BIT_CONVERSION = YES;
				GCC_WARN_ABOUT_RETURN_TYPE = YES_ERROR;
				GCC_WARN_UNDECLARED_SELECTOR = YES;
				GCC_WARN_UNINITIALIZED_AUTOS = YES_AGGRESSIVE;
				GCC_WARN_UNUSED_FUNCTION = YES;
				GCC_WARN_UNUSED_VARIABLE = YES;
				IPHONEOS_DEPLOYMENT_TARGET = 13.0;
				MTL_ENABLE_DEBUG_INFO = INCLUDE_SOURCE;
				MTL_FAST_MATH = YES;
				ONLY_ACTIVE_ARCH = YES;
				SDKROOT = iphoneos;
				SWIFT_ACTIVE_COMPILATION_CONDITIONS = DEBUG;
				SWIFT_OPTIMIZATION_LEVEL = "-Onone";
			};
			name = Debug;
		};
		BB924CC722C642FE006E6C44 /* Release */ = {
			isa = XCBuildConfiguration;
			buildSettings = {
				ALWAYS_SEARCH_USER_PATHS = NO;
				CLANG_ANALYZER_NONNULL = YES;
				CLANG_ANALYZER_NUMBER_OBJECT_CONVERSION = YES_AGGRESSIVE;
				CLANG_CXX_LANGUAGE_STANDARD = "gnu++14";
				CLANG_CXX_LIBRARY = "libc++";
				CLANG_ENABLE_MODULES = YES;
				CLANG_ENABLE_OBJC_ARC = YES;
				CLANG_ENABLE_OBJC_WEAK = YES;
				CLANG_WARN_BLOCK_CAPTURE_AUTORELEASING = YES;
				CLANG_WARN_BOOL_CONVERSION = YES;
				CLANG_WARN_COMMA = YES;
				CLANG_WARN_CONSTANT_CONVERSION = YES;
				CLANG_WARN_DEPRECATED_OBJC_IMPLEMENTATIONS = YES;
				CLANG_WARN_DIRECT_OBJC_ISA_USAGE = YES_ERROR;
				CLANG_WARN_DOCUMENTATION_COMMENTS = YES;
				CLANG_WARN_EMPTY_BODY = YES;
				CLANG_WARN_ENUM_CONVERSION = YES;
				CLANG_WARN_INFINITE_RECURSION = YES;
				CLANG_WARN_INT_CONVERSION = YES;
				CLANG_WARN_NON_LITERAL_NULL_CONVERSION = YES;
				CLANG_WARN_OBJC_IMPLICIT_RETAIN_SELF = YES;
				CLANG_WARN_OBJC_LITERAL_CONVERSION = YES;
				CLANG_WARN_OBJC_ROOT_CLASS = YES_ERROR;
				CLANG_WARN_RANGE_LOOP_ANALYSIS = YES;
				CLANG_WARN_STRICT_PROTOTYPES = YES;
				CLANG_WARN_SUSPICIOUS_MOVE = YES;
				CLANG_WARN_UNGUARDED_AVAILABILITY = YES_AGGRESSIVE;
				CLANG_WARN_UNREACHABLE_CODE = YES;
				CLANG_WARN__DUPLICATE_METHOD_MATCH = YES;
				COPY_PHASE_STRIP = NO;
				DEBUG_INFORMATION_FORMAT = "dwarf-with-dsym";
				ENABLE_NS_ASSERTIONS = NO;
				ENABLE_STRICT_OBJC_MSGSEND = YES;
				GCC_C_LANGUAGE_STANDARD = gnu11;
				GCC_NO_COMMON_BLOCKS = YES;
				GCC_WARN_64_TO_32_BIT_CONVERSION = YES;
				GCC_WARN_ABOUT_RETURN_TYPE = YES_ERROR;
				GCC_WARN_UNDECLARED_SELECTOR = YES;
				GCC_WARN_UNINITIALIZED_AUTOS = YES_AGGRESSIVE;
				GCC_WARN_UNUSED_FUNCTION = YES;
				GCC_WARN_UNUSED_VARIABLE = YES;
				IPHONEOS_DEPLOYMENT_TARGET = 13.0;
				MTL_ENABLE_DEBUG_INFO = NO;
				MTL_FAST_MATH = YES;
				SDKROOT = iphoneos;
				SWIFT_COMPILATION_MODE = wholemodule;
				SWIFT_OPTIMIZATION_LEVEL = "-O";
				VALIDATE_PRODUCT = YES;
			};
			name = Release;
		};
		BB924CC922C642FE006E6C44 /* Debug */ = {
			isa = XCBuildConfiguration;
			buildSettings = {
				ASSETCATALOG_COMPILER_APPICON_NAME = AppIcon;
				CODE_SIGN_STYLE = Automatic;
				DEVELOPMENT_ASSET_PATHS = "ViewTypesSwiftUI/Preview\\ Content";
				DEVELOPMENT_TEAM = DL942A8RW4;
				ENABLE_PREVIEWS = YES;
				INFOPLIST_FILE = ViewTypesSwiftUI/Info.plist;
				LD_RUNPATH_SEARCH_PATHS = (
					"$(inherited)",
					"@executable_path/Frameworks",
				);
				PRODUCT_BUNDLE_IDENTIFIER = com.antonakakis.ViewTypesSwiftUI;
				PRODUCT_NAME = "$(TARGET_NAME)";
				SWIFT_VERSION = 5.0;
				TARGETED_DEVICE_FAMILY = "1,2";
			};
			name = Debug;
		};
		BB924CCA22C642FE006E6C44 /* Release */ = {
			isa = XCBuildConfiguration;
			buildSettings = {
				ASSETCATALOG_COMPILER_APPICON_NAME = AppIcon;
				CODE_SIGN_STYLE = Automatic;
				DEVELOPMENT_ASSET_PATHS = "ViewTypesSwiftUI/Preview\\ Content";
				DEVELOPMENT_TEAM = DL942A8RW4;
				ENABLE_PREVIEWS = YES;
				INFOPLIST_FILE = ViewTypesSwiftUI/Info.plist;
				LD_RUNPATH_SEARCH_PATHS = (
					"$(inherited)",
					"@executable_path/Frameworks",
				);
				PRODUCT_BUNDLE_IDENTIFIER = com.antonakakis.ViewTypesSwiftUI;
				PRODUCT_NAME = "$(TARGET_NAME)";
				SWIFT_VERSION = 5.0;
				TARGETED_DEVICE_FAMILY = "1,2";
			};
			name = Release;
		};
/* End XCBuildConfiguration section */

/* Begin XCConfigurationList section */
		BB924CAF22C642FC006E6C44 /* Build configuration list for PBXProject "ViewTypesSwiftUI" */ = {
			isa = XCConfigurationList;
			buildConfigurations = (
				BB924CC622C642FE006E6C44 /* Debug */,
				BB924CC722C642FE006E6C44 /* Release */,
			);
			defaultConfigurationIsVisible = 0;
			defaultConfigurationName = Release;
		};
		BB924CC822C642FE006E6C44 /* Build configuration list for PBXNativeTarget "ViewTypesSwiftUI" */ = {
			isa = XCConfigurationList;
			buildConfigurations = (
				BB924CC922C642FE006E6C44 /* Debug */,
				BB924CCA22C642FE006E6C44 /* Release */,
			);
			defaultConfigurationIsVisible = 0;
			defaultConfigurationName = Release;
		};
/* End XCConfigurationList section */
	};
	rootObject = BB924CAC22C642FC006E6C44 /* Project object */;
}
